# THIS IS AN AUTOGENERATED FILE. DO NOT EDIT THIS FILE DIRECTLY.
# yarn lockfile v1


"@types/cheerio@^0.22.18":
  version "0.22.27"
  resolved "https://registry.npm.taobao.org/@types/cheerio/download/@types/cheerio-0.22.27.tgz?cache=0&sync_timestamp=1615580264236&other_urls=https%3A%2F%2Fregistry.npm.taobao.org%2F%40types%2Fcheerio%2Fdownload%2F%40types%2Fcheerio-0.22.27.tgz#3a44d9b06fa40ca43599380cd0f3e2a1ceb98a57"
  integrity sha1-OkTZsG+kDKQ1mTgM0PPioc65ilc=
  dependencies:
    "@types/node" "*"

"@types/node@*":
  version "14.14.35"
  resolved "https://registry.npm.taobao.org/@types/node/download/@types/node-14.14.35.tgz?cache=0&sync_timestamp=1615834822695&other_urls=https%3A%2F%2Fregistry.npm.taobao.org%2F%40types%2Fnode%2Fdownload%2F%40types%2Fnode-14.14.35.tgz#42c953a4e2b18ab931f72477e7012172f4ffa313"
  integrity sha1-QslTpOKxirkx9yR35wEhcvT/oxM=

"@types/node@^13.13.4":
  version "13.13.47"
  resolved "https://registry.npm.taobao.org/@types/node/download/@types/node-13.13.47.tgz?cache=0&sync_timestamp=1615834822695&other_urls=https%3A%2F%2Fregistry.npm.taobao.org%2F%40types%2Fnode%2Fdownload%2F%40types%2Fnode-13.13.47.tgz#6eca42c3462821309b26edbc2eff0db1e37ab9bc"
  integrity sha1-bspCw0YoITCbJu28Lv8NseN6ubw=

"@vercel/node@^1.5.1":
  version "1.9.1"
  resolved "https://registry.npm.taobao.org/@vercel/node/download/@vercel/node-1.9.1.tgz#55c079a469208560fd3f9f186cb68a504c4a10a1"
  integrity sha1-VcB5pGkghWD9P58YbLaKUExKEKE=
  dependencies:
    "@types/node" "*"
    ts-node "8.9.1"
    typescript "3.9.3"

arg@^4.1.0:
  version "4.1.3"
  resolved "https://registry.npm.taobao.org/arg/download/arg-4.1.3.tgz#269fc7ad5b8e42cb63c896d5666017261c144089"
  integrity sha1-Jp/HrVuOQstjyJbVZmAXJhwUQIk=

axios@^0.19.2:
  version "0.19.2"
  resolved "https://registry.npm.taobao.org/axios/download/axios-0.19.2.tgz?cache=0&sync_timestamp=1608611162952&other_urls=https%3A%2F%2Fregistry.npm.taobao.org%2Faxios%2Fdownload%2Faxios-0.19.2.tgz#3ea36c5d8818d0d5f8a8a97a6d36b86cdc00cb27"
  integrity sha1-PqNsXYgY0NX4qKl6bTa4bNwAyyc=
  dependencies:
    follow-redirects "1.5.10"

boolbase@^1.0.0:
  version "1.0.0"
  resolved "https://registry.npm.taobao.org/boolbase/download/boolbase-1.0.0.tgz#68dff5fbe60c51eb37725ea9e3ed310dcc1e776e"
  integrity sha1-aN/1++YMUes3cl6p4+0xDcwed24=

buffer-from@^1.0.0:
  version "1.1.1"
  resolved "https://registry.npm.taobao.org/buffer-from/download/buffer-from-1.1.1.tgz#32713bc028f75c02fdb710d7c7bcec1f2c6070ef"
  integrity sha1-MnE7wCj3XAL9txDXx7zsHyxgcO8=

cheerio-select-tmp@^0.1.0:
  version "0.1.1"
  resolved "https://registry.npm.taobao.org/cheerio-select-tmp/download/cheerio-select-tmp-0.1.1.tgz#55bbef02a4771710195ad736d5e346763ca4e646"
  integrity sha1-VbvvAqR3FxAZWtc21eNGdjyk5kY=
  dependencies:
    css-select "^3.1.2"
    css-what "^4.0.0"
    domelementtype "^2.1.0"
    domhandler "^4.0.0"
    domutils "^2.4.4"

cheerio@^1.0.0-rc.3:
  version "1.0.0-rc.5"
  resolved "https://registry.npm.taobao.org/cheerio/download/cheerio-1.0.0-rc.5.tgz#88907e1828674e8f9fee375188b27dadd4f0fa2f"
  integrity sha1-iJB+GChnTo+f7jdRiLJ9rdTw+i8=
  dependencies:
    cheerio-select-tmp "^0.1.0"
    dom-serializer "~1.2.0"
    domhandler "^4.0.0"
    entities "~2.1.0"
    htmlparser2 "^6.0.0"
    parse5 "^6.0.0"
    parse5-htmlparser2-tree-adapter "^6.0.0"

css-select@^3.1.2:
  version "3.1.2"
  resolved "https://registry.npm.taobao.org/css-select/download/css-select-3.1.2.tgz?cache=0&sync_timestamp=1608486347088&other_urls=https%3A%2F%2Fregistry.npm.taobao.org%2Fcss-select%2Fdownload%2Fcss-select-3.1.2.tgz#d52cbdc6fee379fba97fb0d3925abbd18af2d9d8"
  integrity sha1-1Sy9xv7jefupf7DTklq70Yry2dg=
  dependencies:
    boolbase "^1.0.0"
    css-what "^4.0.0"
    domhandler "^4.0.0"
    domutils "^2.4.3"
    nth-check "^2.0.0"

css-what@^4.0.0:
  version "4.0.0"
  resolved "https://registry.npm.taobao.org/css-what/download/css-what-4.0.0.tgz#35e73761cab2eeb3d3661126b23d7aa0e8432233"
  integrity sha1-Nec3Ycqy7rPTZhEmsj16oOhDIjM=

debug@=3.1.0:
  version "3.1.0"
  resolved "https://registry.npm.taobao.org/debug/download/debug-3.1.0.tgz?cache=0&sync_timestamp=1607566580543&other_urls=https%3A%2F%2Fregistry.npm.taobao.org%2Fdebug%2Fdownload%2Fdebug-3.1.0.tgz#5bb5a0672628b64149566ba16819e61518c67261"
  integrity sha1-W7WgZyYotkFJVmuhaBnmFRjGcmE=
  dependencies:
    ms "2.0.0"

diff@^4.0.1:
  version "4.0.2"
  resolved "https://registry.npm.taobao.org/diff/download/diff-4.0.2.tgz#60f3aecb89d5fae520c11aa19efc2bb982aade7d"
  integrity sha1-YPOuy4nV+uUgwRqhnvwruYKq3n0=

dom-serializer@^1.0.1, dom-serializer@~1.2.0:
  version "1.2.0"
  resolved "https://registry.npm.taobao.org/dom-serializer/download/dom-serializer-1.2.0.tgz?cache=0&sync_timestamp=1607193111136&other_urls=https%3A%2F%2Fregistry.npm.taobao.org%2Fdom-serializer%2Fdownload%2Fdom-serializer-1.2.0.tgz#3433d9136aeb3c627981daa385fc7f32d27c48f1"
  integrity sha1-NDPZE2rrPGJ5gdqjhfx/MtJ8SPE=
  dependencies:
    domelementtype "^2.0.1"
    domhandler "^4.0.0"
    entities "^2.0.0"

domelementtype@^2.0.1, domelementtype@^2.1.0:
  version "2.1.0"
  resolved "https://registry.npm.taobao.org/domelementtype/download/domelementtype-2.1.0.tgz?cache=0&sync_timestamp=1606865969598&other_urls=https%3A%2F%2Fregistry.npm.taobao.org%2Fdomelementtype%2Fdownload%2Fdomelementtype-2.1.0.tgz#a851c080a6d1c3d94344aed151d99f669edf585e"
  integrity sha1-qFHAgKbRw9lDRK7RUdmfZp7fWF4=

domhandler@^4.0.0:
  version "4.0.0"
  resolved "https://registry.npm.taobao.org/domhandler/download/domhandler-4.0.0.tgz?cache=0&sync_timestamp=1606872277715&other_urls=https%3A%2F%2Fregistry.npm.taobao.org%2Fdomhandler%2Fdownload%2Fdomhandler-4.0.0.tgz#01ea7821de996d85f69029e81fa873c21833098e"
  integrity sha1-Aep4Id6ZbYX2kCnoH6hzwhgzCY4=
  dependencies:
    domelementtype "^2.1.0"

domutils@^2.4.3, domutils@^2.4.4:
  version "2.5.0"
  resolved "https://registry.npm.taobao.org/domutils/download/domutils-2.5.0.tgz?cache=0&other_urls=https%3A%2F%2Fregistry.npm.taobao.org%2Fdomutils%2Fdownload%2Fdomutils-2.5.0.tgz#42f49cffdabb92ad243278b331fd761c1c2d3039"
  integrity sha1-QvSc/9q7kq0kMnizMf12HBwtMDk=
  dependencies:
    dom-serializer "^1.0.1"
    domelementtype "^2.0.1"
    domhandler "^4.0.0"

entities@^2.0.0:
  version "2.2.0"
  resolved "https://registry.npm.taobao.org/entities/download/entities-2.2.0.tgz?cache=0&sync_timestamp=1611535711703&other_urls=https%3A%2F%2Fregistry.npm.taobao.org%2Fentities%2Fdownload%2Fentities-2.2.0.tgz#098dc90ebb83d8dffa089d55256b351d34c4da55"
  integrity sha1-CY3JDruD2N/6CJ1VJWs1HTTE2lU=

entities@~2.1.0:
  version "2.1.0"
  resolved "https://registry.npm.taobao.org/entities/download/entities-2.1.0.tgz?cache=0&sync_timestamp=1611535711703&other_urls=https%3A%2F%2Fregistry.npm.taobao.org%2Fentities%2Fdownload%2Fentities-2.1.0.tgz#992d3129cf7df6870b96c57858c249a120f8b8b5"
  integrity sha1-mS0xKc999ocLlsV4WMJJoSD4uLU=

follow-redirects@1.5.10:
  version "1.5.10"
  resolved "https://registry.npm.taobao.org/follow-redirects/download/follow-redirects-1.5.10.tgz#7b7a9f9aea2fdff36786a94ff643ed07f4ff5e2a"
  integrity sha1-e3qfmuov3/NnhqlP9kPtB/T/Xio=
  dependencies:
    debug "=3.1.0"

htmlparser2@^6.0.0:
  version "6.0.1"
  resolved "https://registry.npm.taobao.org/htmlparser2/download/htmlparser2-6.0.1.tgz?cache=0&sync_timestamp=1615145021725&other_urls=https%3A%2F%2Fregistry.npm.taobao.org%2Fhtmlparser2%2Fdownload%2Fhtmlparser2-6.0.1.tgz#422521231ef6d42e56bd411da8ba40aa36e91446"
  integrity sha1-QiUhIx721C5WvUEdqLpAqjbpFEY=
  dependencies:
    domelementtype "^2.0.1"
    domhandler "^4.0.0"
    domutils "^2.4.4"
    entities "^2.0.0"

make-error@^1.1.1:
  version "1.3.6"
  resolved "https://registry.npm.taobao.org/make-error/download/make-error-1.3.6.tgz#2eb2e37ea9b67c4891f684a1394799af484cf7a2"
  integrity sha1-LrLjfqm2fEiR9oShOUeZr0hM96I=

ms@2.0.0:
  version "2.0.0"
  resolved "https://registry.npm.taobao.org/ms/download/ms-2.0.0.tgz?cache=0&sync_timestamp=1607433905701&other_urls=https%3A%2F%2Fregistry.npm.taobao.org%2Fms%2Fdownload%2Fms-2.0.0.tgz#5608aeadfc00be6c2901df5f9861788de0d597c8"
  integrity sha1-VgiurfwAvmwpAd9fmGF4jeDVl8g=

nth-check@^2.0.0:
  version "2.0.0"
  resolved "https://registry.npm.taobao.org/nth-check/download/nth-check-2.0.0.tgz?cache=0&sync_timestamp=1606860944410&other_urls=https%3A%2F%2Fregistry.npm.taobao.org%2Fnth-check%2Fdownload%2Fnth-check-2.0.0.tgz#1bb4f6dac70072fc313e8c9cd1417b5074c0a125"
  integrity sha1-G7T22scAcvwxPoyc0UF7UHTAoSU=
  dependencies:
    boolbase "^1.0.0"

parse5-htmlparser2-tree-adapter@^6.0.0:
  version "6.0.1"
  resolved "https://registry.npm.taobao.org/parse5-htmlparser2-tree-adapter/download/parse5-htmlparser2-tree-adapter-6.0.1.tgz#2cdf9ad823321140370d4dbf5d3e92c7c8ddc6e6"
  integrity sha1-LN+a2CMyEUA3DU2/XT6Sx8jdxuY=
  dependencies:
    parse5 "^6.0.1"

parse5@^6.0.0, parse5@^6.0.1:
  version "6.0.1"
  resolved "https://registry.npm.taobao.org/parse5/download/parse5-6.0.1.tgz#e1a1c085c569b3dc08321184f19a39cc27f7c30b"
  integrity sha1-4aHAhcVps9wIMhGE8Zo5zCf3wws=

source-map-support@^0.5.17:
  version "0.5.19"
  resolved "https://registry.npm.taobao.org/source-map-support/download/source-map-support-0.5.19.tgz#a98b62f86dcaf4f67399648c085291ab9e8fed61"
  integrity sha1-qYti+G3K9PZzmWSMCFKRq56P7WE=
  dependencies:
    buffer-from "^1.0.0"
    source-map "^0.6.0"

source-map@^0.6.0:
  version "0.6.1"
  resolved "https://registry.npm.taobao.org/source-map/download/source-map-0.6.1.tgz#74722af32e9614e9c287a8d0bbde48b5e2f1a263"
  integrity sha1-dHIq8y6WFOnCh6jQu95IteLxomM=

ts-node@8.9.1:
  version "8.9.1"
  resolved "https://registry.npm.taobao.org/ts-node/download/ts-node-8.9.1.tgz?cache=0&sync_timestamp=1607350875996&other_urls=https%3A%2F%2Fregistry.npm.taobao.org%2Fts-node%2Fdownload%2Fts-node-8.9.1.tgz#2f857f46c47e91dcd28a14e052482eb14cfd65a5"
  integrity sha1-L4V/RsR+kdzSihTgUkgusUz9ZaU=
  dependencies:
    arg "^4.1.0"
    diff "^4.0.1"
    make-error "^1.1.1"
    source-map-support "^0.5.17"
    yn "3.1.1"

ts-node@^8.10.0:
  version "8.10.2"
  resolved "https://registry.npm.taobao.org/ts-node/download/ts-node-8.10.2.tgz?cache=0&sync_timestamp=1607350875996&other_urls=https%3A%2F%2Fregistry.npm.taobao.org%2Fts-node%2Fdownload%2Fts-node-8.10.2.tgz#eee03764633b1234ddd37f8db9ec10b75ec7fb8d"
  integrity sha1-7uA3ZGM7EjTd03+NuewQt17H+40=
  dependencies:
    arg "^4.1.0"
    diff "^4.0.1"
    make-error "^1.1.1"
    source-map-support "^0.5.17"
    yn "3.1.1"

typescript@3.9.3:
  version "3.9.3"
  resolved "https://registry.npm.taobao.org/typescript/download/typescript-3.9.3.tgz#d3ac8883a97c26139e42df5e93eeece33d610b8a"
  integrity sha1-06yIg6l8JhOeQt9ek+7s4z1hC4o=

typescript@^3.8.3:
  version "3.9.9"
  resolved "https://registry.npm.taobao.org/typescript/download/typescript-3.9.9.tgz#e69905c54bc0681d0518bd4d587cc6f2d0b1a674"
  integrity sha1-5pkFxUvAaB0FGL1NWHzG8tCxpnQ=

yn@3.1.1:
  version "3.1.1"
  resolved "https://registry.npm.taobao.org/yn/download/yn-3.1.1.tgz#1e87401a09d767c1d5eab26a6e4c185182d2eb50"
  integrity sha1-HodAGgnXZ8HV6rJqbkwYUYLS61A=
